// !$*UTF8*$!
{
	archiveVersion = 1;
	classes = {
	};
	objectVersion = 50;
	objects = {

/* Begin PBXBuildFile section */
		055C4A4ED646869C01457E40 /* Pods_SwiftCollectionTests.framework in Frameworks */ = {isa = PBXBuildFile; fileRef = CA708CDC52C80F475B9F2F93 /* Pods_SwiftCollectionTests.framework */; };
		2F2896754DB36CA87E1DFEC9 /* Pods_SwiftCollectionUITests.framework in Frameworks */ = {isa = PBXBuildFile; fileRef = E7F8584FC4EC86A747BE2698 /* Pods_SwiftCollectionUITests.framework */; };
		5307244420F5B147001B7307 /* BaseViewControllerProtocol.swift in Sources */ = {isa = PBXBuildFile; fileRef = 5307244320F5B147001B7307 /* BaseViewControllerProtocol.swift */; };
		5307244820F5B258001B7307 /* DWBaseTabBarController.swift in Sources */ = {isa = PBXBuildFile; fileRef = 5307244720F5B258001B7307 /* DWBaseTabBarController.swift */; };
		5307244A20F5B32A001B7307 /* DWBaseNavigationController.swift in Sources */ = {isa = PBXBuildFile; fileRef = 5307244920F5B32A001B7307 /* DWBaseNavigationController.swift */; };
		5307244C20F5B3D3001B7307 /* ViewControllerEvent.swift in Sources */ = {isa = PBXBuildFile; fileRef = 5307244B20F5B3D3001B7307 /* ViewControllerEvent.swift */; };
		5307244E20F5B4F8001B7307 /* DWHomeViewController.swift in Sources */ = {isa = PBXBuildFile; fileRef = 5307244D20F5B4F7001B7307 /* DWHomeViewController.swift */; };
		53B14B9520FC6F2200820BEF /* Home.storyboard in Resources */ = {isa = PBXBuildFile; fileRef = 53B14B9420FC6F2200820BEF /* Home.storyboard */; };
		53B14B9820FC703800820BEF /* DWDispatchTestViewController.swift in Sources */ = {isa = PBXBuildFile; fileRef = 53B14B9720FC703800820BEF /* DWDispatchTestViewController.swift */; };
		53C8477E20F59E760096A334 /* AppDelegate.swift in Sources */ = {isa = PBXBuildFile; fileRef = 53C8477D20F59E760096A334 /* AppDelegate.swift */; };
		53C8478320F59E760096A334 /* Main.storyboard in Resources */ = {isa = PBXBuildFile; fileRef = 53C8478120F59E760096A334 /* Main.storyboard */; };
		53C8478620F59E760096A334 /* SwiftCollection.xcdatamodeld in Sources */ = {isa = PBXBuildFile; fileRef = 53C8478420F59E760096A334 /* SwiftCollection.xcdatamodeld */; };
		53C8478820F59E780096A334 /* Assets.xcassets in Resources */ = {isa = PBXBuildFile; fileRef = 53C8478720F59E780096A334 /* Assets.xcassets */; };
		53C8478B20F59E780096A334 /* LaunchScreen.storyboard in Resources */ = {isa = PBXBuildFile; fileRef = 53C8478920F59E780096A334 /* LaunchScreen.storyboard */; };
		53C8479620F59E780096A334 /* SwiftCollectionTests.swift in Sources */ = {isa = PBXBuildFile; fileRef = 53C8479520F59E780096A334 /* SwiftCollectionTests.swift */; };
		53C847A120F59E780096A334 /* SwiftCollectionUITests.swift in Sources */ = {isa = PBXBuildFile; fileRef = 53C847A020F59E780096A334 /* SwiftCollectionUITests.swift */; };
		BD94651FB66D1E4E870626AB /* Pods_SwiftCollection.framework in Frameworks */ = {isa = PBXBuildFile; fileRef = 5FDC662CE40EAAA8628E558B /* Pods_SwiftCollection.framework */; };
/* End PBXBuildFile section */

/* Begin PBXContainerItemProxy section */
		53C8479220F59E780096A334 /* PBXContainerItemProxy */ = {
			isa = PBXContainerItemProxy;
			containerPortal = 53C8477220F59E760096A334 /* Project object */;
			proxyType = 1;
			remoteGlobalIDString = 53C8477920F59E760096A334;
			remoteInfo = SwiftCollection;
		};
		53C8479D20F59E780096A334 /* PBXContainerItemProxy */ = {
			isa = PBXContainerItemProxy;
			containerPortal = 53C8477220F59E760096A334 /* Project object */;
			proxyType = 1;
			remoteGlobalIDString = 53C8477920F59E760096A334;
			remoteInfo = SwiftCollection;
		};
/* End PBXContainerItemProxy section */

/* Begin PBXFileReference section */
		347E95BF177812B82315CAF5 /* Pods-SwiftCollectionTests.release.xcconfig */ = {isa = PBXFileReference; includeInIndex = 1; lastKnownFileType = text.xcconfig; name = "Pods-SwiftCollectionTests.release.xcconfig"; path = "Pods/Target Support Files/Pods-SwiftCollectionTests/Pods-SwiftCollectionTests.release.xcconfig"; sourceTree = "<group>"; };
		5307244320F5B147001B7307 /* BaseViewControllerProtocol.swift */ = {isa = PBXFileReference; lastKnownFileType = sourcecode.swift; path = BaseViewControllerProtocol.swift; sourceTree = "<group>"; };
		5307244720F5B258001B7307 /* DWBaseTabBarController.swift */ = {isa = PBXFileReference; lastKnownFileType = sourcecode.swift; path = DWBaseTabBarController.swift; sourceTree = "<group>"; };
		5307244920F5B32A001B7307 /* DWBaseNavigationController.swift */ = {isa = PBXFileReference; lastKnownFileType = sourcecode.swift; path = DWBaseNavigationController.swift; sourceTree = "<group>"; };
		5307244B20F5B3D3001B7307 /* ViewControllerEvent.swift */ = {isa = PBXFileReference; lastKnownFileType = sourcecode.swift; path = ViewControllerEvent.swift; sourceTree = "<group>"; };
		5307244D20F5B4F7001B7307 /* DWHomeViewController.swift */ = {isa = PBXFileReference; lastKnownFileType = sourcecode.swift; path = DWHomeViewController.swift; sourceTree = "<group>"; };
		53B14B9420FC6F2200820BEF /* Home.storyboard */ = {isa = PBXFileReference; lastKnownFileType = file.storyboard; path = Home.storyboard; sourceTree = "<group>"; };
		53B14B9720FC703800820BEF /* DWDispatchTestViewController.swift */ = {isa = PBXFileReference; lastKnownFileType = sourcecode.swift; path = DWDispatchTestViewController.swift; sourceTree = "<group>"; };
		53C8477A20F59E760096A334 /* SwiftCollection.app */ = {isa = PBXFileReference; explicitFileType = wrapper.application; includeInIndex = 0; path = SwiftCollection.app; sourceTree = BUILT_PRODUCTS_DIR; };
		53C8477D20F59E760096A334 /* AppDelegate.swift */ = {isa = PBXFileReference; lastKnownFileType = sourcecode.swift; path = AppDelegate.swift; sourceTree = "<group>"; };
		53C8478220F59E760096A334 /* Base */ = {isa = PBXFileReference; lastKnownFileType = file.storyboard; name = Base; path = Base.lproj/Main.storyboard; sourceTree = "<group>"; };
		53C8478520F59E760096A334 /* SwiftCollection.xcdatamodel */ = {isa = PBXFileReference; lastKnownFileType = wrapper.xcdatamodel; path = SwiftCollection.xcdatamodel; sourceTree = "<group>"; };
		53C8478720F59E780096A334 /* Assets.xcassets */ = {isa = PBXFileReference; lastKnownFileType = folder.assetcatalog; path = Assets.xcassets; sourceTree = "<group>"; };
		53C8478A20F59E780096A334 /* Base */ = {isa = PBXFileReference; lastKnownFileType = file.storyboard; name = Base; path = Base.lproj/LaunchScreen.storyboard; sourceTree = "<group>"; };
		53C8478C20F59E780096A334 /* Info.plist */ = {isa = PBXFileReference; lastKnownFileType = text.plist.xml; path = Info.plist; sourceTree = "<group>"; };
		53C8479120F59E780096A334 /* SwiftCollectionTests.xctest */ = {isa = PBXFileReference; explicitFileType = wrapper.cfbundle; includeInIndex = 0; path = SwiftCollectionTests.xctest; sourceTree = BUILT_PRODUCTS_DIR; };
		53C8479520F59E780096A334 /* SwiftCollectionTests.swift */ = {isa = PBXFileReference; lastKnownFileType = sourcecode.swift; path = SwiftCollectionTests.swift; sourceTree = "<group>"; };
		53C8479720F59E780096A334 /* Info.plist */ = {isa = PBXFileReference; lastKnownFileType = text.plist.xml; path = Info.plist; sourceTree = "<group>"; };
		53C8479C20F59E780096A334 /* SwiftCollectionUITests.xctest */ = {isa = PBXFileReference; explicitFileType = wrapper.cfbundle; includeInIndex = 0; path = SwiftCollectionUITests.xctest; sourceTree = BUILT_PRODUCTS_DIR; };
		53C847A020F59E780096A334 /* SwiftCollectionUITests.swift */ = {isa = PBXFileReference; lastKnownFileType = sourcecode.swift; path = SwiftCollectionUITests.swift; sourceTree = "<group>"; };
		53C847A220F59E780096A334 /* Info.plist */ = {isa = PBXFileReference; lastKnownFileType = text.plist.xml; path = Info.plist; sourceTree = "<group>"; };
		59037AD7B7859CFD1BA5CF6C /* Pods-SwiftCollectionUITests.release.xcconfig */ = {isa = PBXFileReference; includeInIndex = 1; lastKnownFileType = text.xcconfig; name = "Pods-SwiftCollectionUITests.release.xcconfig"; path = "Pods/Target Support Files/Pods-SwiftCollectionUITests/Pods-SwiftCollectionUITests.release.xcconfig"; sourceTree = "<group>"; };
		5FDC662CE40EAAA8628E558B /* Pods_SwiftCollection.framework */ = {isa = PBXFileReference; explicitFileType = wrapper.framework; includeInIndex = 0; path = Pods_SwiftCollection.framework; sourceTree = BUILT_PRODUCTS_DIR; };
		7078570BE1DFE15FD0B3B894 /* Pods-SwiftCollection.debug.xcconfig */ = {isa = PBXFileReference; includeInIndex = 1; lastKnownFileType = text.xcconfig; name = "Pods-SwiftCollection.debug.xcconfig"; path = "Pods/Target Support Files/Pods-SwiftCollection/Pods-SwiftCollection.debug.xcconfig"; sourceTree = "<group>"; };
		73E70F63DE342838A6BEEB4A /* Pods-SwiftCollectionUITests.debug.xcconfig */ = {isa = PBXFileReference; includeInIndex = 1; lastKnownFileType = text.xcconfig; name = "Pods-SwiftCollectionUITests.debug.xcconfig"; path = "Pods/Target Support Files/Pods-SwiftCollectionUITests/Pods-SwiftCollectionUITests.debug.xcconfig"; sourceTree = "<group>"; };
		87EA921A6FFCE1C0669FE1B0 /* Pods-SwiftCollectionTests.debug.xcconfig */ = {isa = PBXFileReference; includeInIndex = 1; lastKnownFileType = text.xcconfig; name = "Pods-SwiftCollectionTests.debug.xcconfig"; path = "Pods/Target Support Files/Pods-SwiftCollectionTests/Pods-SwiftCollectionTests.debug.xcconfig"; sourceTree = "<group>"; };
		CA708CDC52C80F475B9F2F93 /* Pods_SwiftCollectionTests.framework */ = {isa = PBXFileReference; explicitFileType = wrapper.framework; includeInIndex = 0; path = Pods_SwiftCollectionTests.framework; sourceTree = BUILT_PRODUCTS_DIR; };
		E526161009C3E4C651B3BEEE /* Pods-SwiftCollection.release.xcconfig */ = {isa = PBXFileReference; includeInIndex = 1; lastKnownFileType = text.xcconfig; name = "Pods-SwiftCollection.release.xcconfig"; path = "Pods/Target Support Files/Pods-SwiftCollection/Pods-SwiftCollection.release.xcconfig"; sourceTree = "<group>"; };
		E7F8584FC4EC86A747BE2698 /* Pods_SwiftCollectionUITests.framework */ = {isa = PBXFileReference; explicitFileType = wrapper.framework; includeInIndex = 0; path = Pods_SwiftCollectionUITests.framework; sourceTree = BUILT_PRODUCTS_DIR; };
/* End PBXFileReference section */

/* Begin PBXFrameworksBuildPhase section */
		53C8477720F59E760096A334 /* Frameworks */ = {
			isa = PBXFrameworksBuildPhase;
			buildActionMask = 2147483647;
			files = (
				BD94651FB66D1E4E870626AB /* Pods_SwiftCollection.framework in Frameworks */,
			);
			runOnlyForDeploymentPostprocessing = 0;
		};
		53C8478E20F59E780096A334 /* Frameworks */ = {
			isa = PBXFrameworksBuildPhase;
			buildActionMask = 2147483647;
			files = (
				055C4A4ED646869C01457E40 /* Pods_SwiftCollectionTests.framework in Frameworks */,
			);
			runOnlyForDeploymentPostprocessing = 0;
		};
		53C8479920F59E780096A334 /* Frameworks */ = {
			isa = PBXFrameworksBuildPhase;
			buildActionMask = 2147483647;
			files = (
				2F2896754DB36CA87E1DFEC9 /* Pods_SwiftCollectionUITests.framework in Frameworks */,
			);
			runOnlyForDeploymentPostprocessing = 0;
		};
/* End PBXFrameworksBuildPhase section */

/* Begin PBXGroup section */
		5307243520F5A7A3001B7307 /* MVC */ = {
			isa = PBXGroup;
			children = (
				5307244020F5A916001B7307 /* ViewController */,
				5307243F20F5A913001B7307 /* Model */,
				5307243E20F5A90D001B7307 /* View */,
			);
			path = MVC;
			sourceTree = "<group>";
		};
		5307243620F5A7C5001B7307 /* Protocol */ = {
			isa = PBXGroup;
			children = (
				5307244220F5B125001B7307 /* Base */,
			);
			path = Protocol;
			sourceTree = "<group>";
		};
		5307243820F5A7F7001B7307 /* App */ = {
			isa = PBXGroup;
			children = (
				53C8477D20F59E760096A334 /* AppDelegate.swift */,
				53C8478720F59E780096A334 /* Assets.xcassets */,
			);
			path = App;
			sourceTree = "<group>";
		};
		5307243920F5A844001B7307 /* Supporting File */ = {
			isa = PBXGroup;
			children = (
				53C8478C20F59E780096A334 /* Info.plist */,
				53C8478420F59E760096A334 /* SwiftCollection.xcdatamodeld */,
			);
			path = "Supporting File";
			sourceTree = "<group>";
		};
		5307243A20F5A86E001B7307 /* StoryBoards */ = {
			isa = PBXGroup;
			children = (
				53C8478120F59E760096A334 /* Main.storyboard */,
				53C8478920F59E780096A334 /* LaunchScreen.storyboard */,
				53B14B9420FC6F2200820BEF /* Home.storyboard */,
			);
			path = StoryBoards;
			sourceTree = "<group>";
		};
		5307243B20F5A88C001B7307 /* Extension */ = {
			isa = PBXGroup;
			children = (
				5307244B20F5B3D3001B7307 /* ViewControllerEvent.swift */,
			);
			path = Extension;
			sourceTree = "<group>";
		};
		5307243C20F5A8B9001B7307 /* Utility */ = {
			isa = PBXGroup;
			children = (
			);
			path = Utility;
			sourceTree = "<group>";
		};
		5307243D20F5A8D3001B7307 /* Resources */ = {
			isa = PBXGroup;
			children = (
			);
			path = Resources;
			sourceTree = "<group>";
		};
		5307243E20F5A90D001B7307 /* View */ = {
			isa = PBXGroup;
			children = (
			);
			path = View;
			sourceTree = "<group>";
		};
		5307243F20F5A913001B7307 /* Model */ = {
			isa = PBXGroup;
			children = (
			);
			path = Model;
			sourceTree = "<group>";
		};
		5307244020F5A916001B7307 /* ViewController */ = {
			isa = PBXGroup;
			children = (
				53B14B9620FC700600820BEF /* Home */,
				5307244620F5B198001B7307 /* Tab&Navi */,
			);
			path = ViewController;
			sourceTree = "<group>";
		};
		5307244220F5B125001B7307 /* Base */ = {
			isa = PBXGroup;
			children = (
				5307244320F5B147001B7307 /* BaseViewControllerProtocol.swift */,
			);
			name = Base;
			sourceTree = "<group>";
		};
		5307244620F5B198001B7307 /* Tab&Navi */ = {
			isa = PBXGroup;
			children = (
				5307244720F5B258001B7307 /* DWBaseTabBarController.swift */,
				5307244920F5B32A001B7307 /* DWBaseNavigationController.swift */,
			);
			path = "Tab&Navi";
			sourceTree = "<group>";
		};
		53B14B9620FC700600820BEF /* Home */ = {
			isa = PBXGroup;
			children = (
				5307244D20F5B4F7001B7307 /* DWHomeViewController.swift */,
				53B14B9720FC703800820BEF /* DWDispatchTestViewController.swift */,
			);
			path = Home;
			sourceTree = "<group>";
		};
		53C8477120F59E760096A334 = {
			isa = PBXGroup;
			children = (
				53C8477C20F59E760096A334 /* SwiftCollection */,
				53C8479420F59E780096A334 /* SwiftCollectionTests */,
				53C8479F20F59E780096A334 /* SwiftCollectionUITests */,
				53C8477B20F59E760096A334 /* Products */,
				5BF4E85276F1954096F7125D /* Pods */,
				7D7A106EED110F22AC198858 /* Frameworks */,
			);
			sourceTree = "<group>";
		};
		53C8477B20F59E760096A334 /* Products */ = {
			isa = PBXGroup;
			children = (
				53C8477A20F59E760096A334 /* SwiftCollection.app */,
				53C8479120F59E780096A334 /* SwiftCollectionTests.xctest */,
				53C8479C20F59E780096A334 /* SwiftCollectionUITests.xctest */,
			);
			name = Products;
			sourceTree = "<group>";
		};
		53C8477C20F59E760096A334 /* SwiftCollection */ = {
			isa = PBXGroup;
			children = (
				5307243820F5A7F7001B7307 /* App */,
				5307243520F5A7A3001B7307 /* MVC */,
				5307243620F5A7C5001B7307 /* Protocol */,
				5307243B20F5A88C001B7307 /* Extension */,
				5307243C20F5A8B9001B7307 /* Utility */,
				5307243D20F5A8D3001B7307 /* Resources */,
				5307243920F5A844001B7307 /* Supporting File */,
				5307243A20F5A86E001B7307 /* StoryBoards */,
			);
			path = SwiftCollection;
			sourceTree = "<group>";
		};
		53C8479420F59E780096A334 /* SwiftCollectionTests */ = {
			isa = PBXGroup;
			children = (
				53C8479520F59E780096A334 /* SwiftCollectionTests.swift */,
				53C8479720F59E780096A334 /* Info.plist */,
			);
			path = SwiftCollectionTests;
			sourceTree = "<group>";
		};
		53C8479F20F59E780096A334 /* SwiftCollectionUITests */ = {
			isa = PBXGroup;
			children = (
				53C847A020F59E780096A334 /* SwiftCollectionUITests.swift */,
				53C847A220F59E780096A334 /* Info.plist */,
			);
			path = SwiftCollectionUITests;
			sourceTree = "<group>";
		};
		5BF4E85276F1954096F7125D /* Pods */ = {
			isa = PBXGroup;
			children = (
				7078570BE1DFE15FD0B3B894 /* Pods-SwiftCollection.debug.xcconfig */,
				E526161009C3E4C651B3BEEE /* Pods-SwiftCollection.release.xcconfig */,
				87EA921A6FFCE1C0669FE1B0 /* Pods-SwiftCollectionTests.debug.xcconfig */,
				347E95BF177812B82315CAF5 /* Pods-SwiftCollectionTests.release.xcconfig */,
				73E70F63DE342838A6BEEB4A /* Pods-SwiftCollectionUITests.debug.xcconfig */,
				59037AD7B7859CFD1BA5CF6C /* Pods-SwiftCollectionUITests.release.xcconfig */,
			);
			name = Pods;
			sourceTree = "<group>";
		};
		7D7A106EED110F22AC198858 /* Frameworks */ = {
			isa = PBXGroup;
			children = (
				5FDC662CE40EAAA8628E558B /* Pods_SwiftCollection.framework */,
				CA708CDC52C80F475B9F2F93 /* Pods_SwiftCollectionTests.framework */,
				E7F8584FC4EC86A747BE2698 /* Pods_SwiftCollectionUITests.framework */,
			);
			name = Frameworks;
			sourceTree = "<group>";
		};
/* End PBXGroup section */

/* Begin PBXNativeTarget section */
		53C8477920F59E760096A334 /* SwiftCollection */ = {
			isa = PBXNativeTarget;
			buildConfigurationList = 53C847A520F59E780096A334 /* Build configuration list for PBXNativeTarget "SwiftCollection" */;
			buildPhases = (
				3E5FD41549F7EB6B9C7FF8C3 /* [CP] Check Pods Manifest.lock */,
				53C8477620F59E760096A334 /* Sources */,
				53C8477720F59E760096A334 /* Frameworks */,
				53C8477820F59E760096A334 /* Resources */,
				555669415EB09F9D58DF8DAE /* [CP] Embed Pods Frameworks */,
			);
			buildRules = (
			);
			dependencies = (
			);
			name = SwiftCollection;
			productName = SwiftCollection;
			productReference = 53C8477A20F59E760096A334 /* SwiftCollection.app */;
			productType = "com.apple.product-type.application";
		};
		53C8479020F59E780096A334 /* SwiftCollectionTests */ = {
			isa = PBXNativeTarget;
			buildConfigurationList = 53C847A820F59E780096A334 /* Build configuration list for PBXNativeTarget "SwiftCollectionTests" */;
			buildPhases = (
				F8EA9C6FB734167701B4E7A9 /* [CP] Check Pods Manifest.lock */,
				53C8478D20F59E780096A334 /* Sources */,
				53C8478E20F59E780096A334 /* Frameworks */,
				53C8478F20F59E780096A334 /* Resources */,
			);
			buildRules = (
			);
			dependencies = (
				53C8479320F59E780096A334 /* PBXTargetDependency */,
			);
			name = SwiftCollectionTests;
			productName = SwiftCollectionTests;
			productReference = 53C8479120F59E780096A334 /* SwiftCollectionTests.xctest */;
			productType = "com.apple.product-type.bundle.unit-test";
		};
		53C8479B20F59E780096A334 /* SwiftCollectionUITests */ = {
			isa = PBXNativeTarget;
			buildConfigurationList = 53C847AB20F59E780096A334 /* Build configuration list for PBXNativeTarget "SwiftCollectionUITests" */;
			buildPhases = (
				EBD6F26F66050F416925B530 /* [CP] Check Pods Manifest.lock */,
				53C8479820F59E780096A334 /* Sources */,
				53C8479920F59E780096A334 /* Frameworks */,
				53C8479A20F59E780096A334 /* Resources */,
			);
			buildRules = (
			);
			dependencies = (
				53C8479E20F59E780096A334 /* PBXTargetDependency */,
			);
			name = SwiftCollectionUITests;
			productName = SwiftCollectionUITests;
			productReference = 53C8479C20F59E780096A334 /* SwiftCollectionUITests.xctest */;
			productType = "com.apple.product-type.bundle.ui-testing";
		};
/* End PBXNativeTarget section */

/* Begin PBXProject section */
		53C8477220F59E760096A334 /* Project object */ = {
			isa = PBXProject;
			attributes = {
				CLASSPREFIX = DW;
				LastSwiftUpdateCheck = 0940;
				LastUpgradeCheck = 0940;
				ORGANIZATIONNAME = onewh;
				TargetAttributes = {
					53C8477920F59E760096A334 = {
						CreatedOnToolsVersion = 9.4.1;
					};
					53C8479020F59E780096A334 = {
						CreatedOnToolsVersion = 9.4.1;
						TestTargetID = 53C8477920F59E760096A334;
					};
					53C8479B20F59E780096A334 = {
						CreatedOnToolsVersion = 9.4.1;
						TestTargetID = 53C8477920F59E760096A334;
					};
				};
			};
			buildConfigurationList = 53C8477520F59E760096A334 /* Build configuration list for PBXProject "SwiftCollection" */;
			compatibilityVersion = "Xcode 9.3";
			developmentRegion = en;
			hasScannedForEncodings = 0;
			knownRegions = (
				en,
				Base,
			);
			mainGroup = 53C8477120F59E760096A334;
			productRefGroup = 53C8477B20F59E760096A334 /* Products */;
			projectDirPath = "";
			projectRoot = "";
			targets = (
				53C8477920F59E760096A334 /* SwiftCollection */,
				53C8479020F59E780096A334 /* SwiftCollectionTests */,
				53C8479B20F59E780096A334 /* SwiftCollectionUITests */,
			);
		};
/* End PBXProject section */

/* Begin PBXResourcesBuildPhase section */
		53C8477820F59E760096A334 /* Resources */ = {
			isa = PBXResourcesBuildPhase;
			buildActionMask = 2147483647;
			files = (
				53C8478B20F59E780096A334 /* LaunchScreen.storyboard in Resources */,
				53C8478820F59E780096A334 /* Assets.xcassets in Resources */,
				53C8478320F59E760096A334 /* Main.storyboard in Resources */,
				53B14B9520FC6F2200820BEF /* Home.storyboard in Resources */,
			);
			runOnlyForDeploymentPostprocessing = 0;
		};
		53C8478F20F59E780096A334 /* Resources */ = {
			isa = PBXResourcesBuildPhase;
			buildActionMask = 2147483647;
			files = (
			);
			runOnlyForDeploymentPostprocessing = 0;
		};
		53C8479A20F59E780096A334 /* Resources */ = {
			isa = PBXResourcesBuildPhase;
			buildActionMask = 2147483647;
			files = (
			);
			runOnlyForDeploymentPostprocessing = 0;
		};
/* End PBXResourcesBuildPhase section */

/* Begin PBXShellScriptBuildPhase section */
		3E5FD41549F7EB6B9C7FF8C3 /* [CP] Check Pods Manifest.lock */ = {
			isa = PBXShellScriptBuildPhase;
			buildActionMask = 2147483647;
			files = (
			);
			inputPaths = (
				"${PODS_PODFILE_DIR_PATH}/Podfile.lock",
				"${PODS_ROOT}/Manifest.lock",
			);
			name = "[CP] Check Pods Manifest.lock";
			outputPaths = (
				"$(DERIVED_FILE_DIR)/Pods-SwiftCollection-checkManifestLockResult.txt",
			);
			runOnlyForDeploymentPostprocessing = 0;
			shellPath = /bin/sh;
			shellScript = "diff \"${PODS_PODFILE_DIR_PATH}/Podfile.lock\" \"${PODS_ROOT}/Manifest.lock\" > /dev/null\nif [ $? != 0 ] ; then\n    # print error to STDERR\n    echo \"error: The sandbox is not in sync with the Podfile.lock. Run 'pod install' or update your CocoaPods installation.\" >&2\n    exit 1\nfi\n# This output is used by Xcode 'outputs' to avoid re-running this script phase.\necho \"SUCCESS\" > \"${SCRIPT_OUTPUT_FILE_0}\"\n";
			showEnvVarsInLog = 0;
		};
		555669415EB09F9D58DF8DAE /* [CP] Embed Pods Frameworks */ = {
			isa = PBXShellScriptBuildPhase;
			buildActionMask = 2147483647;
			files = (
			);
			inputPaths = (
				"${SRCROOT}/Pods/Target Support Files/Pods-SwiftCollection/Pods-SwiftCollection-frameworks.sh",
				"${BUILT_PRODUCTS_DIR}/Alamofire/Alamofire.framework",
				"${BUILT_PRODUCTS_DIR}/SnapKit/SnapKit.framework",
			);
			name = "[CP] Embed Pods Frameworks";
			outputPaths = (
				"${TARGET_BUILD_DIR}/${FRAMEWORKS_FOLDER_PATH}/Alamofire.framework",
				"${TARGET_BUILD_DIR}/${FRAMEWORKS_FOLDER_PATH}/SnapKit.framework",
			);
			runOnlyForDeploymentPostprocessing = 0;
			shellPath = /bin/sh;
			shellScript = "\"${SRCROOT}/Pods/Target Support Files/Pods-SwiftCollection/Pods-SwiftCollection-frameworks.sh\"\n";
			showEnvVarsInLog = 0;
		};
		EBD6F26F66050F416925B530 /* [CP] Check Pods Manifest.lock */ = {
			isa = PBXShellScriptBuildPhase;
			buildActionMask = 2147483647;
			files = (
			);
			inputPaths = (
				"${PODS_PODFILE_DIR_PATH}/Podfile.lock",
				"${PODS_ROOT}/Manifest.lock",
			);
			name = "[CP] Check Pods Manifest.lock";
			outputPaths = (
				"$(DERIVED_FILE_DIR)/Pods-SwiftCollectionUITests-checkManifestLockResult.txt",
			);
			runOnlyForDeploymentPostprocessing = 0;
			shellPath = /bin/sh;
			shellScript = "diff \"${PODS_PODFILE_DIR_PATH}/Podfile.lock\" \"${PODS_ROOT}/Manifest.lock\" > /dev/null\nif [ $? != 0 ] ; then\n    # print error to STDERR\n    echo \"error: The sandbox is not in sync with the Podfile.lock. Run 'pod install' or update your CocoaPods installation.\" >&2\n    exit 1\nfi\n# This output is used by Xcode 'outputs' to avoid re-running this script phase.\necho \"SUCCESS\" > \"${SCRIPT_OUTPUT_FILE_0}\"\n";
			showEnvVarsInLog = 0;
		};
		F8EA9C6FB734167701B4E7A9 /* [CP] Check Pods Manifest.lock */ = {
			isa = PBXShellScriptBuildPhase;
			buildActionMask = 2147483647;
			files = (
			);
			inputPaths = (
				"${PODS_PODFILE_DIR_PATH}/Podfile.lock",
				"${PODS_ROOT}/Manifest.lock",
			);
			name = "[CP] Check Pods Manifest.lock";
			outputPaths = (
				"$(DERIVED_FILE_DIR)/Pods-SwiftCollectionTests-checkManifestLockResult.txt",
			);
			runOnlyForDeploymentPostprocessing = 0;
			shellPath = /bin/sh;
			shellScript = "diff \"${PODS_PODFILE_DIR_PATH}/Podfile.lock\" \"${PODS_ROOT}/Manifest.lock\" > /dev/null\nif [ $? != 0 ] ; then\n    # print error to STDERR\n    echo \"error: The sandbox is not in sync with the Podfile.lock. Run 'pod install' or update your CocoaPods installation.\" >&2\n    exit 1\nfi\n# This output is used by Xcode 'outputs' to avoid re-running this script phase.\necho \"SUCCESS\" > \"${SCRIPT_OUTPUT_FILE_0}\"\n";
			showEnvVarsInLog = 0;
		};
/* End PBXShellScriptBuildPhase section */

/* Begin PBXSourcesBuildPhase section */
		53C8477620F59E760096A334 /* Sources */ = {
			isa = PBXSourcesBuildPhase;
			buildActionMask = 2147483647;
			files = (
				5307244A20F5B32A001B7307 /* DWBaseNavigationController.swift in Sources */,
				53C8478620F59E760096A334 /* SwiftCollection.xcdatamodeld in Sources */,
				5307244820F5B258001B7307 /* DWBaseTabBarController.swift in Sources */,
				53B14B9820FC703800820BEF /* DWDispatchTestViewController.swift in Sources */,
				5307244420F5B147001B7307 /* BaseViewControllerProtocol.swift in Sources */,
				5307244E20F5B4F8001B7307 /* DWHomeViewController.swift in Sources */,
				53C8477E20F59E760096A334 /* AppDelegate.swift in Sources */,
				5307244C20F5B3D3001B7307 /* ViewControllerEvent.swift in Sources */,
			);
			runOnlyForDeploymentPostprocessing = 0;
		};
		53C8478D20F59E780096A334 /* Sources */ = {
			isa = PBXSourcesBuildPhase;
			buildActionMask = 2147483647;
			files = (
				53C8479620F59E780096A334 /* SwiftCollectionTests.swift in Sources */,
			);
			runOnlyForDeploymentPostprocessing = 0;
		};
		53C8479820F59E780096A334 /* Sources */ = {
			isa = PBXSourcesBuildPhase;
			buildActionMask = 2147483647;
			files = (
				53C847A120F59E780096A334 /* SwiftCollectionUITests.swift in Sources */,
			);
			runOnlyForDeploymentPostprocessing = 0;
		};
/* End PBXSourcesBuildPhase section */

/* Begin PBXTargetDependency section */
		53C8479320F59E780096A334 /* PBXTargetDependency */ = {
			isa = PBXTargetDependency;
			target = 53C8477920F59E760096A334 /* SwiftCollection */;
			targetProxy = 53C8479220F59E780096A334 /* PBXContainerItemProxy */;
		};
		53C8479E20F59E780096A334 /* PBXTargetDependency */ = {
			isa = PBXTargetDependency;
			target = 53C8477920F59E760096A334 /* SwiftCollection */;
			targetProxy = 53C8479D20F59E780096A334 /* PBXContainerItemProxy */;
		};
/* End PBXTargetDependency section */

/* Begin PBXVariantGroup section */
		53C8478120F59E760096A334 /* Main.storyboard */ = {
			isa = PBXVariantGroup;
			children = (
				53C8478220F59E760096A334 /* Base */,
			);
			name = Main.storyboard;
			sourceTree = "<group>";
		};
		53C8478920F59E780096A334 /* LaunchScreen.storyboard */ = {
			isa = PBXVariantGroup;
			children = (
				53C8478A20F59E780096A334 /* Base */,
			);
			name = LaunchScreen.storyboard;
			sourceTree = "<group>";
		};
/* End PBXVariantGroup section */

/* Begin XCBuildConfiguration section */
		53C847A320F59E780096A334 /* Debug */ = {
			isa = XCBuildConfiguration;
			buildSettings = {
				ALWAYS_SEARCH_USER_PATHS = NO;
				CLANG_ANALYZER_NONNULL = YES;
				CLANG_ANALYZER_NUMBER_OBJECT_CONVERSION = YES_AGGRESSIVE;
				CLANG_CXX_LANGUAGE_STANDARD = "gnu++14";
				CLANG_CXX_LIBRARY = "libc++";
				CLANG_ENABLE_MODULES = YES;
				CLANG_ENABLE_OBJC_ARC = YES;
				CLANG_ENABLE_OBJC_WEAK = YES;
				CLANG_WARN_BLOCK_CAPTURE_AUTORELEASING = YES;
				CLANG_WARN_BOOL_CONVERSION = YES;
				CLANG_WARN_COMMA = YES;
				CLANG_WARN_CONSTANT_CONVERSION = YES;
				CLANG_WARN_DEPRECATED_OBJC_IMPLEMENTATIONS = YES;
				CLANG_WARN_DIRECT_OBJC_ISA_USAGE = YES_ERROR;
				CLANG_WARN_DOCUMENTATION_COMMENTS = YES;
				CLANG_WARN_EMPTY_BODY = YES;
				CLANG_WARN_ENUM_CONVERSION = YES;
				CLANG_WARN_INFINITE_RECURSION = YES;
				CLANG_WARN_INT_CONVERSION = YES;
				CLANG_WARN_NON_LITERAL_NULL_CONVERSION = YES;
				CLANG_WARN_OBJC_IMPLICIT_RETAIN_SELF = YES;
				CLANG_WARN_OBJC_LITERAL_CONVERSION = YES;
				CLANG_WARN_OBJC_ROOT_CLASS = YES_ERROR;
				CLANG_WARN_RANGE_LOOP_ANALYSIS = YES;
				CLANG_WARN_STRICT_PROTOTYPES = YES;
				CLANG_WARN_SUSPICIOUS_MOVE = YES;
				CLANG_WARN_UNGUARDED_AVAILABILITY = YES_AGGRESSIVE;
				CLANG_WARN_UNREACHABLE_CODE = YES;
				CLANG_WARN__DUPLICATE_METHOD_MATCH = YES;
				CODE_SIGN_IDENTITY = "iPhone Developer";
				COPY_PHASE_STRIP = NO;
				DEBUG_INFORMATION_FORMAT = dwarf;
				ENABLE_STRICT_OBJC_MSGSEND = YES;
				ENABLE_TESTABILITY = YES;
				GCC_C_LANGUAGE_STANDARD = gnu11;
				GCC_DYNAMIC_NO_PIC = NO;
				GCC_NO_COMMON_BLOCKS = YES;
				GCC_OPTIMIZATION_LEVEL = 0;
				GCC_PREPROCESSOR_DEFINITIONS = (
					"DEBUG=1",
					"$(inherited)",
				);
				GCC_WARN_64_TO_32_BIT_CONVERSION = YES;
				GCC_WARN_ABOUT_RETURN_TYPE = YES_ERROR;
				GCC_WARN_UNDECLARED_SELECTOR = YES;
				GCC_WARN_UNINITIALIZED_AUTOS = YES_AGGRESSIVE;
				GCC_WARN_UNUSED_FUNCTION = YES;
				GCC_WARN_UNUSED_VARIABLE = YES;
				IPHONEOS_DEPLOYMENT_TARGET = 11.4;
				MTL_ENABLE_DEBUG_INFO = YES;
				ONLY_ACTIVE_ARCH = YES;
				SDKROOT = iphoneos;
				SWIFT_ACTIVE_COMPILATION_CONDITIONS = DEBUG;
				SWIFT_OPTIMIZATION_LEVEL = "-Onone";
			};
			name = Debug;
		};
		53C847A420F59E780096A334 /* Release */ = {
			isa = XCBuildConfiguration;
			buildSettings = {
				ALWAYS_SEARCH_USER_PATHS = NO;
				CLANG_ANALYZER_NONNULL = YES;
				CLANG_ANALYZER_NUMBER_OBJECT_CONVERSION = YES_AGGRESSIVE;
				CLANG_CXX_LANGUAGE_STANDARD = "gnu++14";
				CLANG_CXX_LIBRARY = "libc++";
				CLANG_ENABLE_MODULES = YES;
				CLANG_ENABLE_OBJC_ARC = YES;
				CLANG_ENABLE_OBJC_WEAK = YES;
				CLANG_WARN_BLOCK_CAPTURE_AUTORELEASING = YES;
				CLANG_WARN_BOOL_CONVERSION = YES;
				CLANG_WARN_COMMA = YES;
				CLANG_WARN_CONSTANT_CONVERSION = YES;
				CLANG_WARN_DEPRECATED_OBJC_IMPLEMENTATIONS = YES;
				CLANG_WARN_DIRECT_OBJC_ISA_USAGE = YES_ERROR;
				CLANG_WARN_DOCUMENTATION_COMMENTS = YES;
				CLANG_WARN_EMPTY_BODY = YES;
				CLANG_WARN_ENUM_CONVERSION = YES;
				CLANG_WARN_INFINITE_RECURSION = YES;
				CLANG_WARN_INT_CONVERSION = YES;
				CLANG_WARN_NON_LITERAL_NULL_CONVERSION = YES;
				CLANG_WARN_OBJC_IMPLICIT_RETAIN_SELF = YES;
				CLANG_WARN_OBJC_LITERAL_CONVERSION = YES;
				CLANG_WARN_OBJC_ROOT_CLASS = YES_ERROR;
				CLANG_WARN_RANGE_LOOP_ANALYSIS = YES;
				CLANG_WARN_STRICT_PROTOTYPES = YES;
				CLANG_WARN_SUSPICIOUS_MOVE = YES;
				CLANG_WARN_UNGUARDED_AVAILABILITY = YES_AGGRESSIVE;
				CLANG_WARN_UNREACHABLE_CODE = YES;
				CLANG_WARN__DUPLICATE_METHOD_MATCH = YES;
				CODE_SIGN_IDENTITY = "iPhone Developer";
				COPY_PHASE_STRIP = NO;
				DEBUG_INFORMATION_FORMAT = "dwarf-with-dsym";
				ENABLE_NS_ASSERTIONS = NO;
				ENABLE_STRICT_OBJC_MSGSEND = YES;
				GCC_C_LANGUAGE_STANDARD = gnu11;
				GCC_NO_COMMON_BLOCKS = YES;
				GCC_WARN_64_TO_32_BIT_CONVERSION = YES;
				GCC_WARN_ABOUT_RETURN_TYPE = YES_ERROR;
				GCC_WARN_UNDECLARED_SELECTOR = YES;
				GCC_WARN_UNINITIALIZED_AUTOS = YES_AGGRESSIVE;
				GCC_WARN_UNUSED_FUNCTION = YES;
				GCC_WARN_UNUSED_VARIABLE = YES;
				IPHONEOS_DEPLOYMENT_TARGET = 11.4;
				MTL_ENABLE_DEBUG_INFO = NO;
				SDKROOT = iphoneos;
				SWIFT_COMPILATION_MODE = wholemodule;
				SWIFT_OPTIMIZATION_LEVEL = "-O";
				VALIDATE_PRODUCT = YES;
			};
			name = Release;
		};
		53C847A620F59E780096A334 /* Debug */ = {
			isa = XCBuildConfiguration;
			baseConfigurationReference = 7078570BE1DFE15FD0B3B894 /* Pods-SwiftCollection.debug.xcconfig */;
			buildSettings = {
				ASSETCATALOG_COMPILER_APPICON_NAME = AppIcon;
				CODE_SIGN_STYLE = Automatic;
				DEVELOPMENT_TEAM = 3T45M5L8GE;
				INFOPLIST_FILE = "$(SRCROOT)/SwiftCollection/Supporting File/Info.plist";
				LD_RUNPATH_SEARCH_PATHS = (
					"$(inherited)",
					"@executable_path/Frameworks",
				);
				PRODUCT_BUNDLE_IDENTIFIER = com.onewh.SwiftCollection;
				PRODUCT_NAME = "$(TARGET_NAME)";
				SWIFT_VERSION = 4.0;
				TARGETED_DEVICE_FAMILY = "1,2";
			};
			name = Debug;
		};
		53C847A720F59E780096A334 /* Release */ = {
			isa = XCBuildConfiguration;
			baseConfigurationReference = E526161009C3E4C651B3BEEE /* Pods-SwiftCollection.release.xcconfig */;
			buildSettings = {
				ASSETCATALOG_COMPILER_APPICON_NAME = AppIcon;
				CODE_SIGN_STYLE = Automatic;
				DEVELOPMENT_TEAM = 3T45M5L8GE;
				INFOPLIST_FILE = "$(SRCROOT)/SwiftCollection/Supporting File/Info.plist";
				LD_RUNPATH_SEARCH_PATHS = (
					"$(inherited)",
					"@executable_path/Frameworks",
				);
				PRODUCT_BUNDLE_IDENTIFIER = com.onewh.SwiftCollection;
				PRODUCT_NAME = "$(TARGET_NAME)";
				SWIFT_VERSION = 4.0;
				TARGETED_DEVICE_FAMILY = "1,2";
			};
			name = Release;
		};
		53C847A920F59E780096A334 /* Debug */ = {
			isa = XCBuildConfiguration;
			baseConfigurationReference = 87EA921A6FFCE1C0669FE1B0 /* Pods-SwiftCollectionTests.debug.xcconfig */;
			buildSettings = {
				ALWAYS_EMBED_SWIFT_STANDARD_LIBRARIES = YES;
				BUNDLE_LOADER = "$(TEST_HOST)";
				CODE_SIGN_STYLE = Automatic;
				DEVELOPMENT_TEAM = 3T45M5L8GE;
				INFOPLIST_FILE = SwiftCollectionTests/Info.plist;
				LD_RUNPATH_SEARCH_PATHS = (
					"$(inherited)",
					"@executable_path/Frameworks",
					"@loader_path/Frameworks",
				);
				PRODUCT_BUNDLE_IDENTIFIER = com.onewh.SwiftCollectionTests;
				PRODUCT_NAME = "$(TARGET_NAME)";
				SWIFT_VERSION = 4.0;
				TARGETED_DEVICE_FAMILY = "1,2";
				TEST_HOST = "$(BUILT_PRODUCTS_DIR)/SwiftCollection.app/SwiftCollection";
			};
			name = Debug;
		};
		53C847AA20F59E780096A334 /* Release */ = {
			isa = XCBuildConfiguration;
			baseConfigurationReference = 347E95BF177812B82315CAF5 /* Pods-SwiftCollectionTests.release.xcconfig */;
			buildSettings = {
				ALWAYS_EMBED_SWIFT_STANDARD_LIBRARIES = YES;
				BUNDLE_LOADER = "$(TEST_HOST)";
				CODE_SIGN_STYLE = Automatic;
				DEVELOPMENT_TEAM = 3T45M5L8GE;
				INFOPLIST_FILE = SwiftCollectionTests/Info.plist;
				LD_RUNPATH_SEARCH_PATHS = (
					"$(inherited)",
					"@executable_path/Frameworks",
					"@loader_path/Frameworks",
				);
				PRODUCT_BUNDLE_IDENTIFIER = com.onewh.SwiftCollectionTests;
				PRODUCT_NAME = "$(TARGET_NAME)";
				SWIFT_VERSION = 4.0;
				TARGETED_DEVICE_FAMILY = "1,2";
				TEST_HOST = "$(BUILT_PRODUCTS_DIR)/SwiftCollection.app/SwiftCollection";
			};
			name = Release;
		};
		53C847AC20F59E780096A334 /* Debug */ = {
			isa = XCBuildConfiguration;
			baseConfigurationReference = 73E70F63DE342838A6BEEB4A /* Pods-SwiftCollectionUITests.debug.xcconfig */;
			buildSettings = {
				ALWAYS_EMBED_SWIFT_STANDARD_LIBRARIES = YES;
				CODE_SIGN_STYLE = Automatic;
				DEVELOPMENT_TEAM = 3T45M5L8GE;
				INFOPLIST_FILE = SwiftCollectionUITests/Info.plist;
				LD_RUNPATH_SEARCH_PATHS = (
					"$(inherited)",
					"@executable_path/Frameworks",
					"@loader_path/Frameworks",
				);
				PRODUCT_BUNDLE_IDENTIFIER = com.onewh.SwiftCollectionUITests;
				PRODUCT_NAME = "$(TARGET_NAME)";
				SWIFT_VERSION = 4.0;
				TARGETED_DEVICE_FAMILY = "1,2";
				TEST_TARGET_NAME = SwiftCollection;
			};
			name = Debug;
		};
		53C847AD20F59E780096A334 /* Release */ = {
			isa = XCBuildConfiguration;
			baseConfigurationReference = 59037AD7B7859CFD1BA5CF6C /* Pods-SwiftCollectionUITests.release.xcconfig */;
			buildSettings = {
				ALWAYS_EMBED_SWIFT_STANDARD_LIBRARIES = YES;
				CODE_SIGN_STYLE = Automatic;
				DEVELOPMENT_TEAM = 3T45M5L8GE;
				INFOPLIST_FILE = SwiftCollectionUITests/Info.plist;
				LD_RUNPATH_SEARCH_PATHS = (
					"$(inherited)",
					"@executable_path/Frameworks",
					"@loader_path/Frameworks",
				);
				PRODUCT_BUNDLE_IDENTIFIER = com.onewh.SwiftCollectionUITests;
				PRODUCT_NAME = "$(TARGET_NAME)";
				SWIFT_VERSION = 4.0;
				TARGETED_DEVICE_FAMILY = "1,2";
				TEST_TARGET_NAME = SwiftCollection;
			};
			name = Release;
		};
/* End XCBuildConfiguration section */

/* Begin XCConfigurationList section */
		53C8477520F59E760096A334 /* Build configuration list for PBXProject "SwiftCollection" */ = {
			isa = XCConfigurationList;
			buildConfigurations = (
				53C847A320F59E780096A334 /* Debug */,
				53C847A420F59E780096A334 /* Release */,
			);
			defaultConfigurationIsVisible = 0;
			defaultConfigurationName = Release;
		};
		53C847A520F59E780096A334 /* Build configuration list for PBXNativeTarget "SwiftCollection" */ = {
			isa = XCConfigurationList;
			buildConfigurations = (
				53C847A620F59E780096A334 /* Debug */,
				53C847A720F59E780096A334 /* Release */,
			);
			defaultConfigurationIsVisible = 0;
			defaultConfigurationName = Release;
		};
		53C847A820F59E780096A334 /* Build configuration list for PBXNativeTarget "SwiftCollectionTests" */ = {
			isa = XCConfigurationList;
			buildConfigurations = (
				53C847A920F59E780096A334 /* Debug */,
				53C847AA20F59E780096A334 /* Release */,
			);
			defaultConfigurationIsVisible = 0;
			defaultConfigurationName = Release;
		};
		53C847AB20F59E780096A334 /* Build configuration list for PBXNativeTarget "SwiftCollectionUITests" */ = {
			isa = XCConfigurationList;
			buildConfigurations = (
				53C847AC20F59E780096A334 /* Debug */,
				53C847AD20F59E780096A334 /* Release */,
			);
			defaultConfigurationIsVisible = 0;
			defaultConfigurationName = Release;
		};
/* End XCConfigurationList section */

/* Begin XCVersionGroup section */
		53C8478420F59E760096A334 /* SwiftCollection.xcdatamodeld */ = {
			isa = XCVersionGroup;
			children = (
				53C8478520F59E760096A334 /* SwiftCollection.xcdatamodel */,
			);
			currentVersion = 53C8478520F59E760096A334 /* SwiftCollection.xcdatamodel */;
			path = SwiftCollection.xcdatamodeld;
			sourceTree = "<group>";
			versionGroupType = wrapper.xcdatamodel;
		};
/* End XCVersionGroup section */
	};
	rootObject = 53C8477220F59E760096A334 /* Project object */;
}
